
Microsoft Visual Studio Solution File, Format Version 12.00
# Visual Studio Version 16
VisualStudioVersion = 16.0.31019.35
MinimumVisualStudioVersion = 10.0.40219.1
Project("{FAE04EC0-301F-11D3-BF4B-00C04F79EFBC}") = "SBReceiver", "SBReceiver\SBReceiver.csproj", "{A190C08E-D2E8-4DF2-B66D-A04FA2174317}"
EndProject
Project("{FAE04EC0-301F-11D3-BF4B-00C04F79EFBC}") = "SBSender", "SBSender\SBSender.csproj", "{683F1338-D872-44A9-A4A9-36B2B79CE292}"
EndProject
Global
	GlobalSection(SolutionConfigurationPlatforms) = preSolution
		Debug|Any CPU = Debug|Any CPU
		Release|Any CPU = Release|Any CPU
	EndGlobalSection
	GlobalSection(ProjectConfigurationPlatforms) = postSolution
		{A190C08E-D2E8-4DF2-B66D-A04FA2174317}.Debug|Any CPU.ActiveCfg = Debug|Any CPU
		{A190C08E-D2E8-4DF2-B66D-A04FA2174317}.Debug|Any CPU.Build.0 = Debug|Any CPU
		{A190C08E-D2E8-4DF2-B66D-A04FA2174317}.Release|Any CPU.ActiveCfg = Release|Any CPU
		{A190C08E-D2E8-4DF2-B66D-A04FA2174317}.Release|Any CPU.Build.0 = Release|Any CPU
		{683F1338-D872-44A9-A4A9-36B2B79CE292}.Debug|Any CPU.ActiveCfg = Debug|Any CPU
		{683F1338-D872-44A9-A4A9-36B2B79CE292}.Debug|Any CPU.Build.0 = Debug|Any CPU
		{683F1338-D872-44A9-A4A9-36B2B79CE292}.Release|Any CPU.ActiveCfg = Release|Any CPU
		{683F1338-D872-44A9-A4A9-36B2B79CE292}.Release|Any CPU.Build.0 = Release|Any CPU
	EndGlobalSection
	GlobalSection(SolutionProperties) = preSolution
		HideSolutionNode = FALSE
	EndGlobalSection
	GlobalSection(ExtensibilityGlobals) = postSolution
		SolutionGuid = {8D7D4CF8-6E47-407F-BF69-C9C392B01B6E}
	EndGlobalSection
EndGlobal
